
Microsoft Visual Studio Solution File, Format Version 12.00
# Visual Studio Version 17
VisualStudioVersion = 17.11.35219.272
MinimumVisualStudioVersion = 10.0.40219.1
Project("{FAE04EC0-301F-11D3-BF4B-00C04F79EFBC}") = "BaiTap02", "BaiTap02.csproj", "{B2EEB6D9-DE19-4D7E-8729-41AC806D559E}"
EndProject
Global
	GlobalSection(SolutionConfigurationPlatforms) = preSolution
		Debug|Any CPU = Debug|Any CPU
		Release|Any CPU = Release|Any CPU
	EndGlobalSection
	GlobalSection(ProjectConfigurationPlatforms) = postSolution
		{B2EEB6D9-DE19-4D7E-8729-41AC806D559E}.Debug|Any CPU.ActiveCfg = Debug|Any CPU
		{B2EEB6D9-DE19-4D7E-8729-41AC806D559E}.Debug|Any CPU.Build.0 = Debug|Any CPU
		{B2EEB6D9-DE19-4D7E-8729-41AC806D559E}.Release|Any CPU.ActiveCfg = Release|Any CPU
		{B2EEB6D9-DE19-4D7E-8729-41AC806D559E}.Release|Any CPU.Build.0 = Release|Any CPU
	EndGlobalSection
	GlobalSection(SolutionProperties) = preSolution
		HideSolutionNode = FALSE
	EndGlobalSection
	GlobalSection(ExtensibilityGlobals) = postSolution
		SolutionGuid = {CB46A1AA-9084-4FA6-96E9-5C8E835370D8}
	EndGlobalSection
EndGlobal
