
Microsoft Visual Studio Solution File, Format Version 12.00
# Visual Studio Version 17
VisualStudioVersion = 17.11.35219.272
MinimumVisualStudioVersion = 10.0.40219.1
Project("{FAE04EC0-301F-11D3-BF4B-00C04F79EFBC}") = "BaiTap01", "BaiTap01.csproj", "{F8FAB471-7F3D-426E-A057-8798CF417DA6}"
EndProject
Global
	GlobalSection(SolutionConfigurationPlatforms) = preSolution
		Debug|Any CPU = Debug|Any CPU
		Release|Any CPU = Release|Any CPU
	EndGlobalSection
	GlobalSection(ProjectConfigurationPlatforms) = postSolution
		{F8FAB471-7F3D-426E-A057-8798CF417DA6}.Debug|Any CPU.ActiveCfg = Debug|Any CPU
		{F8FAB471-7F3D-426E-A057-8798CF417DA6}.Debug|Any CPU.Build.0 = Debug|Any CPU
		{F8FAB471-7F3D-426E-A057-8798CF417DA6}.Release|Any CPU.ActiveCfg = Release|Any CPU
		{F8FAB471-7F3D-426E-A057-8798CF417DA6}.Release|Any CPU.Build.0 = Release|Any CPU
	EndGlobalSection
	GlobalSection(SolutionProperties) = preSolution
		HideSolutionNode = FALSE
	EndGlobalSection
	GlobalSection(ExtensibilityGlobals) = postSolution
		SolutionGuid = {DC1923E7-938C-4290-ACDF-71F8A2E8E11F}
	EndGlobalSection
EndGlobal
