
Microsoft Visual Studio Solution File, Format Version 12.00
# Visual Studio Version 17
VisualStudioVersion = 17.11.35219.272
MinimumVisualStudioVersion = 10.0.40219.1
Project("{FAE04EC0-301F-11D3-BF4B-00C04F79EFBC}") = "BaiTapKiemTra01", "BaiTapKiemTra01\BaiTapKiemTra01.csproj", "{D7E9B536-A9DD-45ED-AFF2-C7265D02F745}"
EndProject
Global
	GlobalSection(SolutionConfigurationPlatforms) = preSolution
		Debug|Any CPU = Debug|Any CPU
		Release|Any CPU = Release|Any CPU
	EndGlobalSection
	GlobalSection(ProjectConfigurationPlatforms) = postSolution
		{D7E9B536-A9DD-45ED-AFF2-C7265D02F745}.Debug|Any CPU.ActiveCfg = Debug|Any CPU
		{D7E9B536-A9DD-45ED-AFF2-C7265D02F745}.Debug|Any CPU.Build.0 = Debug|Any CPU
		{D7E9B536-A9DD-45ED-AFF2-C7265D02F745}.Release|Any CPU.ActiveCfg = Release|Any CPU
		{D7E9B536-A9DD-45ED-AFF2-C7265D02F745}.Release|Any CPU.Build.0 = Release|Any CPU
	EndGlobalSection
	GlobalSection(SolutionProperties) = preSolution
		HideSolutionNode = FALSE
	EndGlobalSection
	GlobalSection(ExtensibilityGlobals) = postSolution
		SolutionGuid = {0F2C6C21-75BD-4301-8EEB-AF7502A94003}
	EndGlobalSection
EndGlobal
